Microsoft Visual Studio Solution File, Format Version 11.00
# Visual Studio 2008

Project("{5F917FF6-2528-2DA3-BD79-2A8669F4F5AD}") = "RoguelikeProject", "Assembly-CSharp.csproj", "{2F3B3820-11DD-97A4-4C54-4A43E548107C}"
EndProject
Global
	GlobalSection(SolutionConfigurationPlatforms) = preSolution
		Debug|Any CPU = Debug|Any CPU
		Release|Any CPU = Release|Any CPU
	EndGlobalSection
	GlobalSection(ProjectConfigurationPlatforms) = postSolution
		{2F3B3820-11DD-97A4-4C54-4A43E548107C}.Debug|Any CPU.ActiveCfg = Debug|Any CPU
		{2F3B3820-11DD-97A4-4C54-4A43E548107C}.Debug|Any CPU.Build.0 = Debug|Any CPU
		{2F3B3820-11DD-97A4-4C54-4A43E548107C}.Release|Any CPU.ActiveCfg = Release|Any CPU
		{2F3B3820-11DD-97A4-4C54-4A43E548107C}.Release|Any CPU.Build.0 = Release|Any CPU
	EndGlobalSection
	GlobalSection(SolutionProperties) = preSolution
		HideSolutionNode = FALSE
	EndGlobalSection
	GlobalSection(MonoDevelopProperties) = preSolution
		StartupItem = Assembly-CSharp.csproj
	EndGlobalSection
EndGlobal
