Microsoft Visual Studio Solution File, Format Version 11.00
# Visual Studio 2008

Project("{D2F8258F-6E7D-71C3-BF70-068D33C2C470}") = "NetworkTestProject", "Assembly-CSharp.csproj", "{A864C489-A0D7-F3E0-A846-4AA253F508C0}"
EndProject
Global
	GlobalSection(SolutionConfigurationPlatforms) = preSolution
		Debug|Any CPU = Debug|Any CPU
		Release|Any CPU = Release|Any CPU
	EndGlobalSection
	GlobalSection(ProjectConfigurationPlatforms) = postSolution
		{A864C489-A0D7-F3E0-A846-4AA253F508C0}.Debug|Any CPU.ActiveCfg = Debug|Any CPU
		{A864C489-A0D7-F3E0-A846-4AA253F508C0}.Debug|Any CPU.Build.0 = Debug|Any CPU
		{A864C489-A0D7-F3E0-A846-4AA253F508C0}.Release|Any CPU.ActiveCfg = Release|Any CPU
		{A864C489-A0D7-F3E0-A846-4AA253F508C0}.Release|Any CPU.Build.0 = Release|Any CPU
	EndGlobalSection
	GlobalSection(SolutionProperties) = preSolution
		HideSolutionNode = FALSE
	EndGlobalSection
	GlobalSection(MonoDevelopProperties) = preSolution
		StartupItem = Assembly-CSharp.csproj
	EndGlobalSection
EndGlobal
